
Microsoft Visual Studio Solution File, Format Version 12.00
# Visual Studio Version 17
VisualStudioVersion = 17.3.32804.467
MinimumVisualStudioVersion = 10.0.40219.1
Project("{FAE04EC0-301F-11D3-BF4B-00C04F79EFBC}") = "ProductReviewManagement", "ProductReviewManagement\ProductReviewManagement.csproj", "{B2D64668-E8A2-42C3-B1B7-D62A2F997084}"
EndProject
Global
	GlobalSection(SolutionConfigurationPlatforms) = preSolution
		Debug|Any CPU = Debug|Any CPU
		Release|Any CPU = Release|Any CPU
	EndGlobalSection
	GlobalSection(ProjectConfigurationPlatforms) = postSolution
		{B2D64668-E8A2-42C3-B1B7-D62A2F997084}.Debug|Any CPU.ActiveCfg = Debug|Any CPU
		{B2D64668-E8A2-42C3-B1B7-D62A2F997084}.Debug|Any CPU.Build.0 = Debug|Any CPU
		{B2D64668-E8A2-42C3-B1B7-D62A2F997084}.Release|Any CPU.ActiveCfg = Release|Any CPU
		{B2D64668-E8A2-42C3-B1B7-D62A2F997084}.Release|Any CPU.Build.0 = Release|Any CPU
	EndGlobalSection
	GlobalSection(SolutionProperties) = preSolution
		HideSolutionNode = FALSE
	EndGlobalSection
	GlobalSection(ExtensibilityGlobals) = postSolution
		SolutionGuid = {315F6B84-4A29-45AD-A85E-C510BCAAFF87}
	EndGlobalSection
EndGlobal
